# This file is automatically @generated by Cargo.
# It is not intended for manual editing.
version = 3

[[package]]
name = "autocfg"
version = "1.1.0"
source = "registry+https://github.com/rust-lang/crates.io-index"
checksum = "d468802bab17cbc0cc575e9b053f41e72aa36bfa6b7f55e3529ffa43161b97fa"

[[package]]
name = "day03"
version = "0.1.0"
dependencies = [
 "str_overlap",
]

[[package]]
name = "str_overlap"
version = "0.4.3"
source = "registry+https://github.com/rust-lang/crates.io-index"
checksum = "70a2d94875a24433acafbd080b2d100f7d5fc8f880ad34fc553211cf5a8b0b88"
dependencies = [
 "autocfg",
]
